{
  "name": "@mhjb/indicators",
  "version": "1.0.15",
  "lockfileVersion": 1,
  "requires": true,
  "dependencies": {
    "@types/node": {
      "version": "18.11.11",
      "resolved": "https://registry.npmjs.org/@types/node/-/node-18.11.11.tgz",
      "integrity": "sha512-KJ021B1nlQUBLopzZmPBVuGU9un7WJd/W4ya7Ih02B4Uwky5Nja0yGYav2EfYIk0RR2Q9oVhf60S2XR1BCWJ2g==",
      "dev": true
    }
  }
}
